
Microsoft Visual Studio Solution File, Format Version 12.00
# Visual Studio Version 17
VisualStudioVersion = 17.1.32210.238
MinimumVisualStudioVersion = 10.0.40219.1
Project("{FAE04EC0-301F-11D3-BF4B-00C04F79EFBC}") = "eTickets", "eTickets\eTickets.csproj", "{C5F92AB1-C22A-4340-B5CC-849CCF0DD092}"
EndProject
Global
	GlobalSection(SolutionConfigurationPlatforms) = preSolution
		Debug|Any CPU = Debug|Any CPU
		Release|Any CPU = Release|Any CPU
	EndGlobalSection
	GlobalSection(ProjectConfigurationPlatforms) = postSolution
		{C5F92AB1-C22A-4340-B5CC-849CCF0DD092}.Debug|Any CPU.ActiveCfg = Debug|Any CPU
		{C5F92AB1-C22A-4340-B5CC-849CCF0DD092}.Debug|Any CPU.Build.0 = Debug|Any CPU
		{C5F92AB1-C22A-4340-B5CC-849CCF0DD092}.Release|Any CPU.ActiveCfg = Release|Any CPU
		{C5F92AB1-C22A-4340-B5CC-849CCF0DD092}.Release|Any CPU.Build.0 = Release|Any CPU
	EndGlobalSection
	GlobalSection(SolutionProperties) = preSolution
		HideSolutionNode = FALSE
	EndGlobalSection
	GlobalSection(ExtensibilityGlobals) = postSolution
		SolutionGuid = {BB6242DA-7BAA-4DE2-8A2B-1EA297D87EEA}
	EndGlobalSection
EndGlobal
